
Microsoft Visual Studio Solution File, Format Version 12.00
# Visual Studio 15
VisualStudioVersion = 15.0.28010.2046
MinimumVisualStudioVersion = 10.0.40219.1
Project("{FAE04EC0-301F-11D3-BF4B-00C04F79EFBC}") = "OFGWebApp", "OFGWebApp\OFGWebApp.csproj", "{0EF43082-1435-4A12-94CB-A8604E933292}"
EndProject
Global
	GlobalSection(SolutionConfigurationPlatforms) = preSolution
		Debug|Any CPU = Debug|Any CPU
		Release|Any CPU = Release|Any CPU
	EndGlobalSection
	GlobalSection(ProjectConfigurationPlatforms) = postSolution
		{0EF43082-1435-4A12-94CB-A8604E933292}.Debug|Any CPU.ActiveCfg = Debug|Any CPU
		{0EF43082-1435-4A12-94CB-A8604E933292}.Debug|Any CPU.Build.0 = Debug|Any CPU
		{0EF43082-1435-4A12-94CB-A8604E933292}.Release|Any CPU.ActiveCfg = Release|Any CPU
		{0EF43082-1435-4A12-94CB-A8604E933292}.Release|Any CPU.Build.0 = Release|Any CPU
	EndGlobalSection
	GlobalSection(SolutionProperties) = preSolution
		HideSolutionNode = FALSE
	EndGlobalSection
	GlobalSection(ExtensibilityGlobals) = postSolution
		SolutionGuid = {5D4847EC-0882-4740-B62E-2FD05D153CE7}
	EndGlobalSection
EndGlobal
